{
  "name": "fhir.example",
  "version": "0.1.0",
  "lockfileVersion": 2,
  "requires": true,
  "packages": {
    "": {
      "name": "fhir.example",
      "version": "0.1.0",
      "dependencies": {
        "@reason-framework/cpg-test-support": "file:.."
      }
    },
    "..": {
      "name": "@reason-framework/cpg-test-support",
      "version": "1.0.0",
      "license": "ISC",
      "dependencies": {
        "@cucumber/cucumber": "^10.3.1",
        "@reason-framework/cpg-test-support": "^1.0.0",
        "dotenv": "^16.4.5",
        "ts-node": "^10.9.2"
      },
      "devDependencies": {
        "prettier": "2.8.1"
      }
    },
    "../../../../../../..": {},
    "node_modules/@reason-framework/cpg-test-support": {
      "resolved": "..",
      "link": true
    }
  },
  "dependencies": {
    "@reason-framework/cpg-test-support": {
      "version": "file:..",
      "requires": {
        "@cucumber/cucumber": "^10.3.1",
        "@reason-framework/cpg-test-support": "^1.0.0",
        "dotenv": "^16.4.5",
        "prettier": "2.8.1",
        "ts-node": "^10.9.2"
      }
    }
  }
}
